// !$*UTF8*$!
{
	archiveVersion = 1;
	classes = {
	};
	objectVersion = 50;
	objects = {

/* Begin PBXBuildFile section */
		8F688B7F25A4AF7F00B71EA1 /* main.cpp in Sources */ = {isa = PBXBuildFile; fileRef = 8F688B7E25A4AF7F00B71EA1 /* main.cpp */; };
/* End PBXBuildFile section */

/* Begin PBXFileReference section */
		8F688B7B25A4AF7F00B71EA1 /* flighter */ = {isa = PBXFileReference; explicitFileType = "compiled.mach-o.executable"; includeInIndex = 0; path = flighter; sourceTree = BUILT_PRODUCTS_DIR; };
		8F688B7E25A4AF7F00B71EA1 /* main.cpp */ = {isa = PBXFileReference; lastKnownFileType = sourcecode.cpp.cpp; path = main.cpp; sourceTree = "<group>"; };
		8F688B8125A4AF7F00B71EA1 /* cute_image.jpg */ = {isa = PBXFileReference; lastKnownFileType = image.jpeg; name = cute_image.jpg; path = "/Users/wangyanpu/Desktop/台灣大學/大二上/程設設計/期末報告/flighter/../cute_image.jpg"; sourceTree = "<absolute>"; };
		8F688B8225A4AF7F00B71EA1 /* nice_music.ogg */ = {isa = PBXFileReference; lastKnownFileType = file; name = nice_music.ogg; path = ../nice_music.ogg; sourceTree = "<group>"; };
		8F688B8325A4AF7F00B71EA1 /* sansation.ttf */ = {isa = PBXFileReference; lastKnownFileType = file; name = sansation.ttf; path = ../sansation.ttf; sourceTree = "<group>"; };
		8F688B8425A4AF7F00B71EA1 /* icon.png */ = {isa = PBXFileReference; lastKnownFileType = image.png; name = icon.png; path = ../icon.png; sourceTree = "<group>"; };
/* End PBXFileReference section */

/* Begin PBXFrameworksBuildPhase section */
		8F688B7925A4AF7F00B71EA1 /* Frameworks */ = {
			isa = PBXFrameworksBuildPhase;
			buildActionMask = 2147483647;
			files = (
			);
			runOnlyForDeploymentPostprocessing = 0;
		};
/* End PBXFrameworksBuildPhase section */

/* Begin PBXGroup section */
		8F688B7325A4AF7F00B71EA1 = {
			isa = PBXGroup;
			children = (
				8F688B7D25A4AF7F00B71EA1 /* flighter */,
				8F688B7C25A4AF7F00B71EA1 /* Products */,
			);
			sourceTree = "<group>";
		};
		8F688B7C25A4AF7F00B71EA1 /* Products */ = {
			isa = PBXGroup;
			children = (
				8F688B7B25A4AF7F00B71EA1 /* flighter */,
			);
			name = Products;
			sourceTree = "<group>";
		};
		8F688B7D25A4AF7F00B71EA1 /* flighter */ = {
			isa = PBXGroup;
			children = (
				8F688B7E25A4AF7F00B71EA1 /* main.cpp */,
				8F688B8025A4AF7F00B71EA1 /* Resources */,
			);
			path = flighter;
			sourceTree = "<group>";
		};
		8F688B8025A4AF7F00B71EA1 /* Resources */ = {
			isa = PBXGroup;
			children = (
				8F688B8125A4AF7F00B71EA1 /* cute_image.jpg */,
				8F688B8225A4AF7F00B71EA1 /* nice_music.ogg */,
				8F688B8325A4AF7F00B71EA1 /* sansation.ttf */,
				8F688B8425A4AF7F00B71EA1 /* icon.png */,
			);
			path = Resources;
			sourceTree = "<group>";
		};
/* End PBXGroup section */

/* Begin PBXNativeTarget section */
		8F688B7A25A4AF7F00B71EA1 /* flighter */ = {
			isa = PBXNativeTarget;
			buildConfigurationList = 8F688B8725A4AF7F00B71EA1 /* Build configuration list for PBXNativeTarget "flighter" */;
			buildPhases = (
				8F688B7825A4AF7F00B71EA1 /* Sources */,
				8F688B7925A4AF7F00B71EA1 /* Frameworks */,
			);
			buildRules = (
			);
			dependencies = (
			);
			name = flighter;
			productName = flighter;
			productReference = 8F688B7B25A4AF7F00B71EA1 /* flighter */;
			productType = "com.apple.product-type.tool";
		};
/* End PBXNativeTarget section */

/* Begin PBXProject section */
		8F688B7425A4AF7F00B71EA1 /* Project object */ = {
			isa = PBXProject;
			attributes = {
				LastUpgradeCheck = 1200;
				ORGANIZATIONNAME = "!!!";
				TargetAttributes = {
					8F688B7A25A4AF7F00B71EA1 = {
						CreatedOnToolsVersion = 12.0;
					};
				};
			};
			buildConfigurationList = 8F688B7725A4AF7F00B71EA1 /* Build configuration list for PBXProject "flighter" */;
			compatibilityVersion = "Xcode 9.3";
			developmentRegion = en;
			hasScannedForEncodings = 0;
			knownRegions = (
				en,
				Base,
			);
			mainGroup = 8F688B7325A4AF7F00B71EA1;
			productRefGroup = 8F688B7C25A4AF7F00B71EA1 /* Products */;
			projectDirPath = "";
			projectRoot = "";
			targets = (
				8F688B7A25A4AF7F00B71EA1 /* flighter */,
			);
		};
/* End PBXProject section */

/* Begin PBXSourcesBuildPhase section */
		8F688B7825A4AF7F00B71EA1 /* Sources */ = {
			isa = PBXSourcesBuildPhase;
			buildActionMask = 2147483647;
			files = (
				8F688B7F25A4AF7F00B71EA1 /* main.cpp in Sources */,
			);
			runOnlyForDeploymentPostprocessing = 0;
		};
/* End PBXSourcesBuildPhase section */

/* Begin XCBuildConfiguration section */
		8F688B8525A4AF7F00B71EA1 /* Debug */ = {
			isa = XCBuildConfiguration;
			buildSettings = {
				ARCHS = "$(NATIVE_ARCH_ACTUAL)";
				CLANG_CXX_LANGUAGE_STANDARD = "c++11";
				CLANG_CXX_LIBRARY = "libc++";
				FRAMEWORK_SEARCH_PATHS = (
					/Library/Frameworks/,
					"$(inherited)",
				);
				GCC_VERSION = com.apple.compilers.llvm.clang.1_0;
				HEADER_SEARCH_PATHS = (
					/usr/local/include/,
					"$(inherited)",
				);
				LIBRARY_SEARCH_PATHS = (
					/usr/local/lib/,
					"$(inherited)",
				);
				MACOSX_DEPLOYMENT_TARGET = 10.7;
				OTHER_LDFLAGS = (
					"$(inherited)",
					"$(SFML_SYSTEM)",
					"$(SFML_WINDOW)",
					"$(SFML_GRAPHICS)",
					"$(SFML_AUDIO)",
					"$(SFML_NETWORK)",
				);
				SFML_AUDIO = "$(SFML_LINK_PREFIX) sfml-audio$(SFML_LINK_SUFFIX)";
				SFML_BINARY_TYPE = FRAMEWORKS;
				SFML_GRAPHICS = "$(SFML_LINK_PREFIX) sfml-graphics$(SFML_LINK_SUFFIX)";
				SFML_LINK_DYLIBS_PREFIX = "-l";
				SFML_LINK_DYLIBS_SUFFIX = "";
				SFML_LINK_FRAMEWORKS_PREFIX = "-framework";
				SFML_LINK_FRAMEWORKS_SUFFIX = "";
				SFML_LINK_PREFIX = "$(SFML_LINK_$(SFML_BINARY_TYPE)_PREFIX)";
				SFML_LINK_SUFFIX = "$(SFML_LINK_$(SFML_BINARY_TYPE)_SUFFIX)";
				SFML_NETWORK = "$(SFML_LINK_PREFIX) sfml-network$(SFML_LINK_SUFFIX)";
				SFML_SYSTEM = "$(SFML_LINK_PREFIX) sfml-system$(SFML_LINK_SUFFIX)";
				SFML_WINDOW = "$(SFML_LINK_PREFIX) sfml-window$(SFML_LINK_SUFFIX)";
				SUPPORTED_PLATFORMS = macosx;
			};
			name = Debug;
		};
		8F688B8625A4AF7F00B71EA1 /* Release */ = {
			isa = XCBuildConfiguration;
			buildSettings = {
				ARCHS = "$(NATIVE_ARCH_ACTUAL)";
				CLANG_CXX_LANGUAGE_STANDARD = "c++11";
				CLANG_CXX_LIBRARY = "libc++";
				FRAMEWORK_SEARCH_PATHS = (
					/Library/Frameworks/,
					"$(inherited)",
				);
				GCC_VERSION = com.apple.compilers.llvm.clang.1_0;
				HEADER_SEARCH_PATHS = (
					/usr/local/include/,
					"$(inherited)",
				);
				LIBRARY_SEARCH_PATHS = (
					/usr/local/lib/,
					"$(inherited)",
				);
				MACOSX_DEPLOYMENT_TARGET = 10.7;
				OTHER_LDFLAGS = (
					"$(inherited)",
					"$(SFML_SYSTEM)",
					"$(SFML_WINDOW)",
					"$(SFML_GRAPHICS)",
					"$(SFML_AUDIO)",
					"$(SFML_NETWORK)",
				);
				SFML_AUDIO = "$(SFML_LINK_PREFIX) sfml-audio$(SFML_LINK_SUFFIX)";
				SFML_BINARY_TYPE = FRAMEWORKS;
				SFML_GRAPHICS = "$(SFML_LINK_PREFIX) sfml-graphics$(SFML_LINK_SUFFIX)";
				SFML_LINK_DYLIBS_PREFIX = "-l";
				SFML_LINK_DYLIBS_SUFFIX = "";
				SFML_LINK_FRAMEWORKS_PREFIX = "-framework";
				SFML_LINK_FRAMEWORKS_SUFFIX = "";
				SFML_LINK_PREFIX = "$(SFML_LINK_$(SFML_BINARY_TYPE)_PREFIX)";
				SFML_LINK_SUFFIX = "$(SFML_LINK_$(SFML_BINARY_TYPE)_SUFFIX)";
				SFML_NETWORK = "$(SFML_LINK_PREFIX) sfml-network$(SFML_LINK_SUFFIX)";
				SFML_SYSTEM = "$(SFML_LINK_PREFIX) sfml-system$(SFML_LINK_SUFFIX)";
				SFML_WINDOW = "$(SFML_LINK_PREFIX) sfml-window$(SFML_LINK_SUFFIX)";
				SUPPORTED_PLATFORMS = macosx;
			};
			name = Release;
		};
		8F688B8825A4AF7F00B71EA1 /* Debug */ = {
			isa = XCBuildConfiguration;
			buildSettings = {
				CODE_SIGN_STYLE = Automatic;
				PRODUCT_NAME = "$(TARGET_NAME)";
			};
			name = Debug;
		};
		8F688B8925A4AF7F00B71EA1 /* Release */ = {
			isa = XCBuildConfiguration;
			buildSettings = {
				CODE_SIGN_STYLE = Automatic;
				PRODUCT_NAME = "$(TARGET_NAME)";
			};
			name = Release;
		};
/* End XCBuildConfiguration section */

/* Begin XCConfigurationList section */
		8F688B7725A4AF7F00B71EA1 /* Build configuration list for PBXProject "flighter" */ = {
			isa = XCConfigurationList;
			buildConfigurations = (
				8F688B8525A4AF7F00B71EA1 /* Debug */,
				8F688B8625A4AF7F00B71EA1 /* Release */,
			);
			defaultConfigurationIsVisible = 0;
			defaultConfigurationName = Release;
		};
		8F688B8725A4AF7F00B71EA1 /* Build configuration list for PBXNativeTarget "flighter" */ = {
			isa = XCConfigurationList;
			buildConfigurations = (
				8F688B8825A4AF7F00B71EA1 /* Debug */,
				8F688B8925A4AF7F00B71EA1 /* Release */,
			);
			defaultConfigurationIsVisible = 0;
			defaultConfigurationName = Release;
		};
/* End XCConfigurationList section */
	};
	rootObject = 8F688B7425A4AF7F00B71EA1 /* Project object */;
}
